
Microsoft Visual Studio Solution File, Format Version 12.00
# Visual Studio Version 16
VisualStudioVersion = 16.0.29001.49
MinimumVisualStudioVersion = 10.0.40219.1
Project("{FAE04EC0-301F-11D3-BF4B-00C04F79EFBC}") = "Try Catch", "Try Catch\Try Catch.csproj", "{697C34CC-7286-4539-8D0D-F5883F987461}"
EndProject
Global
	GlobalSection(SolutionConfigurationPlatforms) = preSolution
		Debug|Any CPU = Debug|Any CPU
		Release|Any CPU = Release|Any CPU
	EndGlobalSection
	GlobalSection(ProjectConfigurationPlatforms) = postSolution
		{697C34CC-7286-4539-8D0D-F5883F987461}.Debug|Any CPU.ActiveCfg = Debug|Any CPU
		{697C34CC-7286-4539-8D0D-F5883F987461}.Debug|Any CPU.Build.0 = Debug|Any CPU
		{697C34CC-7286-4539-8D0D-F5883F987461}.Release|Any CPU.ActiveCfg = Release|Any CPU
		{697C34CC-7286-4539-8D0D-F5883F987461}.Release|Any CPU.Build.0 = Release|Any CPU
	EndGlobalSection
	GlobalSection(SolutionProperties) = preSolution
		HideSolutionNode = FALSE
	EndGlobalSection
	GlobalSection(ExtensibilityGlobals) = postSolution
		SolutionGuid = {717CCF2B-8C29-469B-8A4B-45F2F493F706}
	EndGlobalSection
EndGlobal
